
Microsoft Visual Studio Solution File, Format Version 12.00
# Visual Studio Version 17
VisualStudioVersion = 17.3.32901.215
MinimumVisualStudioVersion = 10.0.40219.1
Project("{FAE04EC0-301F-11D3-BF4B-00C04F79EFBC}") = "WebApplication1", "WebApplication1\WebApplication1.csproj", "{E9C4542E-AD10-4A49-A90D-42A105DDD1DC}"
EndProject
Global
	GlobalSection(SolutionConfigurationPlatforms) = preSolution
		Debug|Any CPU = Debug|Any CPU
		Release|Any CPU = Release|Any CPU
	EndGlobalSection
	GlobalSection(ProjectConfigurationPlatforms) = postSolution
		{E9C4542E-AD10-4A49-A90D-42A105DDD1DC}.Debug|Any CPU.ActiveCfg = Debug|Any CPU
		{E9C4542E-AD10-4A49-A90D-42A105DDD1DC}.Debug|Any CPU.Build.0 = Debug|Any CPU
		{E9C4542E-AD10-4A49-A90D-42A105DDD1DC}.Release|Any CPU.ActiveCfg = Release|Any CPU
		{E9C4542E-AD10-4A49-A90D-42A105DDD1DC}.Release|Any CPU.Build.0 = Release|Any CPU
	EndGlobalSection
	GlobalSection(SolutionProperties) = preSolution
		HideSolutionNode = FALSE
	EndGlobalSection
	GlobalSection(ExtensibilityGlobals) = postSolution
		SolutionGuid = {FE204B51-14A8-4C09-8B03-4BBF52E0E037}
	EndGlobalSection
EndGlobal
